
Microsoft Visual Studio Solution File, Format Version 12.00
# Visual Studio Version 17
VisualStudioVersion = 17.5.33516.290
MinimumVisualStudioVersion = 10.0.40219.1
Project("{FAE04EC0-301F-11D3-BF4B-00C04F79EFBC}") = "DotNetELK", "DotNetELK\DotNetELK.csproj", "{DE747004-3F35-43F6-A2D8-82AB533D4CB0}"
EndProject
Global
	GlobalSection(SolutionConfigurationPlatforms) = preSolution
		Debug|Any CPU = Debug|Any CPU
		Release|Any CPU = Release|Any CPU
	EndGlobalSection
	GlobalSection(ProjectConfigurationPlatforms) = postSolution
		{DE747004-3F35-43F6-A2D8-82AB533D4CB0}.Debug|Any CPU.ActiveCfg = Debug|Any CPU
		{DE747004-3F35-43F6-A2D8-82AB533D4CB0}.Debug|Any CPU.Build.0 = Debug|Any CPU
		{DE747004-3F35-43F6-A2D8-82AB533D4CB0}.Release|Any CPU.ActiveCfg = Release|Any CPU
		{DE747004-3F35-43F6-A2D8-82AB533D4CB0}.Release|Any CPU.Build.0 = Release|Any CPU
	EndGlobalSection
	GlobalSection(SolutionProperties) = preSolution
		HideSolutionNode = FALSE
	EndGlobalSection
	GlobalSection(ExtensibilityGlobals) = postSolution
		SolutionGuid = {1EBDA497-B933-4E83-806D-D0C47B6D64F5}
	EndGlobalSection
EndGlobal
